// !$*UTF8*$!
{
	archiveVersion = 1;
	classes = {
	};
	objectVersion = 56;
	objects = {

/* Begin PBXBuildFile section */
		4619D1B52B0A4A2D000D5C89 /* CarouselSampleApp.swift in Sources */ = {isa = PBXBuildFile; fileRef = 4619D1B42B0A4A2D000D5C89 /* CarouselSampleApp.swift */; };
		4619D1B72B0A4A2D000D5C89 /* ContentView.swift in Sources */ = {isa = PBXBuildFile; fileRef = 4619D1B62B0A4A2D000D5C89 /* ContentView.swift */; };
		4619D1B92B0A4A2F000D5C89 /* Assets.xcassets in Resources */ = {isa = PBXBuildFile; fileRef = 4619D1B82B0A4A2F000D5C89 /* Assets.xcassets */; };
		4619D1BC2B0A4A2F000D5C89 /* Preview Assets.xcassets in Resources */ = {isa = PBXBuildFile; fileRef = 4619D1BB2B0A4A2F000D5C89 /* Preview Assets.xcassets */; };
		4619D1C62B0A4A2F000D5C89 /* CarouselSampleTests.swift in Sources */ = {isa = PBXBuildFile; fileRef = 4619D1C52B0A4A2F000D5C89 /* CarouselSampleTests.swift */; };
		4619D1D02B0A4A2F000D5C89 /* CarouselSampleUITests.swift in Sources */ = {isa = PBXBuildFile; fileRef = 4619D1CF2B0A4A2F000D5C89 /* CarouselSampleUITests.swift */; };
		4619D1D22B0A4A2F000D5C89 /* CarouselSampleUITestsLaunchTests.swift in Sources */ = {isa = PBXBuildFile; fileRef = 4619D1D12B0A4A2F000D5C89 /* CarouselSampleUITestsLaunchTests.swift */; };
		4619D1E12B0A4BBF000D5C89 /* SingleRowCarousel.swift in Sources */ = {isa = PBXBuildFile; fileRef = 4619D1E02B0A4BBF000D5C89 /* SingleRowCarousel.swift */; };
		4619D1E32B0A96E6000D5C89 /* MultiRowsCarousel.swift in Sources */ = {isa = PBXBuildFile; fileRef = 4619D1E22B0A96E6000D5C89 /* MultiRowsCarousel.swift */; };
/* End PBXBuildFile section */

/* Begin PBXContainerItemProxy section */
		4619D1C22B0A4A2F000D5C89 /* PBXContainerItemProxy */ = {
			isa = PBXContainerItemProxy;
			containerPortal = 4619D1A92B0A4A2D000D5C89 /* Project object */;
			proxyType = 1;
			remoteGlobalIDString = 4619D1B02B0A4A2D000D5C89;
			remoteInfo = CarouselSample;
		};
		4619D1CC2B0A4A2F000D5C89 /* PBXContainerItemProxy */ = {
			isa = PBXContainerItemProxy;
			containerPortal = 4619D1A92B0A4A2D000D5C89 /* Project object */;
			proxyType = 1;
			remoteGlobalIDString = 4619D1B02B0A4A2D000D5C89;
			remoteInfo = CarouselSample;
		};
/* End PBXContainerItemProxy section */

/* Begin PBXFileReference section */
		4619D1B12B0A4A2D000D5C89 /* CarouselSample.app */ = {isa = PBXFileReference; explicitFileType = wrapper.application; includeInIndex = 0; path = CarouselSample.app; sourceTree = BUILT_PRODUCTS_DIR; };
		4619D1B42B0A4A2D000D5C89 /* CarouselSampleApp.swift */ = {isa = PBXFileReference; lastKnownFileType = sourcecode.swift; path = CarouselSampleApp.swift; sourceTree = "<group>"; };
		4619D1B62B0A4A2D000D5C89 /* ContentView.swift */ = {isa = PBXFileReference; lastKnownFileType = sourcecode.swift; path = ContentView.swift; sourceTree = "<group>"; };
		4619D1B82B0A4A2F000D5C89 /* Assets.xcassets */ = {isa = PBXFileReference; lastKnownFileType = folder.assetcatalog; path = Assets.xcassets; sourceTree = "<group>"; };
		4619D1BB2B0A4A2F000D5C89 /* Preview Assets.xcassets */ = {isa = PBXFileReference; lastKnownFileType = folder.assetcatalog; path = "Preview Assets.xcassets"; sourceTree = "<group>"; };
		4619D1C12B0A4A2F000D5C89 /* CarouselSampleTests.xctest */ = {isa = PBXFileReference; explicitFileType = wrapper.cfbundle; includeInIndex = 0; path = CarouselSampleTests.xctest; sourceTree = BUILT_PRODUCTS_DIR; };
		4619D1C52B0A4A2F000D5C89 /* CarouselSampleTests.swift */ = {isa = PBXFileReference; lastKnownFileType = sourcecode.swift; path = CarouselSampleTests.swift; sourceTree = "<group>"; };
		4619D1CB2B0A4A2F000D5C89 /* CarouselSampleUITests.xctest */ = {isa = PBXFileReference; explicitFileType = wrapper.cfbundle; includeInIndex = 0; path = CarouselSampleUITests.xctest; sourceTree = BUILT_PRODUCTS_DIR; };
		4619D1CF2B0A4A2F000D5C89 /* CarouselSampleUITests.swift */ = {isa = PBXFileReference; lastKnownFileType = sourcecode.swift; path = CarouselSampleUITests.swift; sourceTree = "<group>"; };
		4619D1D12B0A4A2F000D5C89 /* CarouselSampleUITestsLaunchTests.swift */ = {isa = PBXFileReference; lastKnownFileType = sourcecode.swift; path = CarouselSampleUITestsLaunchTests.swift; sourceTree = "<group>"; };
		4619D1E02B0A4BBF000D5C89 /* SingleRowCarousel.swift */ = {isa = PBXFileReference; lastKnownFileType = sourcecode.swift; path = SingleRowCarousel.swift; sourceTree = "<group>"; };
		4619D1E22B0A96E6000D5C89 /* MultiRowsCarousel.swift */ = {isa = PBXFileReference; lastKnownFileType = sourcecode.swift; path = MultiRowsCarousel.swift; sourceTree = "<group>"; };
/* End PBXFileReference section */

/* Begin PBXFrameworksBuildPhase section */
		4619D1AE2B0A4A2D000D5C89 /* Frameworks */ = {
			isa = PBXFrameworksBuildPhase;
			buildActionMask = 2147483647;
			files = (
			);
			runOnlyForDeploymentPostprocessing = 0;
		};
		4619D1BE2B0A4A2F000D5C89 /* Frameworks */ = {
			isa = PBXFrameworksBuildPhase;
			buildActionMask = 2147483647;
			files = (
			);
			runOnlyForDeploymentPostprocessing = 0;
		};
		4619D1C82B0A4A2F000D5C89 /* Frameworks */ = {
			isa = PBXFrameworksBuildPhase;
			buildActionMask = 2147483647;
			files = (
			);
			runOnlyForDeploymentPostprocessing = 0;
		};
/* End PBXFrameworksBuildPhase section */

/* Begin PBXGroup section */
		4619D1A82B0A4A2D000D5C89 = {
			isa = PBXGroup;
			children = (
				4619D1B32B0A4A2D000D5C89 /* CarouselSample */,
				4619D1C42B0A4A2F000D5C89 /* CarouselSampleTests */,
				4619D1CE2B0A4A2F000D5C89 /* CarouselSampleUITests */,
				4619D1B22B0A4A2D000D5C89 /* Products */,
			);
			sourceTree = "<group>";
		};
		4619D1B22B0A4A2D000D5C89 /* Products */ = {
			isa = PBXGroup;
			children = (
				4619D1B12B0A4A2D000D5C89 /* CarouselSample.app */,
				4619D1C12B0A4A2F000D5C89 /* CarouselSampleTests.xctest */,
				4619D1CB2B0A4A2F000D5C89 /* CarouselSampleUITests.xctest */,
			);
			name = Products;
			sourceTree = "<group>";
		};
		4619D1B32B0A4A2D000D5C89 /* CarouselSample */ = {
			isa = PBXGroup;
			children = (
				4619D1B42B0A4A2D000D5C89 /* CarouselSampleApp.swift */,
				4619D1B62B0A4A2D000D5C89 /* ContentView.swift */,
				4619D1B82B0A4A2F000D5C89 /* Assets.xcassets */,
				4619D1BA2B0A4A2F000D5C89 /* Preview Content */,
				4619D1E02B0A4BBF000D5C89 /* SingleRowCarousel.swift */,
				4619D1E22B0A96E6000D5C89 /* MultiRowsCarousel.swift */,
			);
			path = CarouselSample;
			sourceTree = "<group>";
		};
		4619D1BA2B0A4A2F000D5C89 /* Preview Content */ = {
			isa = PBXGroup;
			children = (
				4619D1BB2B0A4A2F000D5C89 /* Preview Assets.xcassets */,
			);
			path = "Preview Content";
			sourceTree = "<group>";
		};
		4619D1C42B0A4A2F000D5C89 /* CarouselSampleTests */ = {
			isa = PBXGroup;
			children = (
				4619D1C52B0A4A2F000D5C89 /* CarouselSampleTests.swift */,
			);
			path = CarouselSampleTests;
			sourceTree = "<group>";
		};
		4619D1CE2B0A4A2F000D5C89 /* CarouselSampleUITests */ = {
			isa = PBXGroup;
			children = (
				4619D1CF2B0A4A2F000D5C89 /* CarouselSampleUITests.swift */,
				4619D1D12B0A4A2F000D5C89 /* CarouselSampleUITestsLaunchTests.swift */,
			);
			path = CarouselSampleUITests;
			sourceTree = "<group>";
		};
/* End PBXGroup section */

/* Begin PBXNativeTarget section */
		4619D1B02B0A4A2D000D5C89 /* CarouselSample */ = {
			isa = PBXNativeTarget;
			buildConfigurationList = 4619D1D52B0A4A2F000D5C89 /* Build configuration list for PBXNativeTarget "CarouselSample" */;
			buildPhases = (
				4619D1AD2B0A4A2D000D5C89 /* Sources */,
				4619D1AE2B0A4A2D000D5C89 /* Frameworks */,
				4619D1AF2B0A4A2D000D5C89 /* Resources */,
			);
			buildRules = (
			);
			dependencies = (
			);
			name = CarouselSample;
			productName = CarouselSample;
			productReference = 4619D1B12B0A4A2D000D5C89 /* CarouselSample.app */;
			productType = "com.apple.product-type.application";
		};
		4619D1C02B0A4A2F000D5C89 /* CarouselSampleTests */ = {
			isa = PBXNativeTarget;
			buildConfigurationList = 4619D1D82B0A4A2F000D5C89 /* Build configuration list for PBXNativeTarget "CarouselSampleTests" */;
			buildPhases = (
				4619D1BD2B0A4A2F000D5C89 /* Sources */,
				4619D1BE2B0A4A2F000D5C89 /* Frameworks */,
				4619D1BF2B0A4A2F000D5C89 /* Resources */,
			);
			buildRules = (
			);
			dependencies = (
				4619D1C32B0A4A2F000D5C89 /* PBXTargetDependency */,
			);
			name = CarouselSampleTests;
			productName = CarouselSampleTests;
			productReference = 4619D1C12B0A4A2F000D5C89 /* CarouselSampleTests.xctest */;
			productType = "com.apple.product-type.bundle.unit-test";
		};
		4619D1CA2B0A4A2F000D5C89 /* CarouselSampleUITests */ = {
			isa = PBXNativeTarget;
			buildConfigurationList = 4619D1DB2B0A4A2F000D5C89 /* Build configuration list for PBXNativeTarget "CarouselSampleUITests" */;
			buildPhases = (
				4619D1C72B0A4A2F000D5C89 /* Sources */,
				4619D1C82B0A4A2F000D5C89 /* Frameworks */,
				4619D1C92B0A4A2F000D5C89 /* Resources */,
			);
			buildRules = (
			);
			dependencies = (
				4619D1CD2B0A4A2F000D5C89 /* PBXTargetDependency */,
			);
			name = CarouselSampleUITests;
			productName = CarouselSampleUITests;
			productReference = 4619D1CB2B0A4A2F000D5C89 /* CarouselSampleUITests.xctest */;
			productType = "com.apple.product-type.bundle.ui-testing";
		};
/* End PBXNativeTarget section */

/* Begin PBXProject section */
		4619D1A92B0A4A2D000D5C89 /* Project object */ = {
			isa = PBXProject;
			attributes = {
				BuildIndependentTargetsInParallel = 1;
				LastSwiftUpdateCheck = 1500;
				LastUpgradeCheck = 1500;
				TargetAttributes = {
					4619D1B02B0A4A2D000D5C89 = {
						CreatedOnToolsVersion = 15.0;
					};
					4619D1C02B0A4A2F000D5C89 = {
						CreatedOnToolsVersion = 15.0;
						TestTargetID = 4619D1B02B0A4A2D000D5C89;
					};
					4619D1CA2B0A4A2F000D5C89 = {
						CreatedOnToolsVersion = 15.0;
						TestTargetID = 4619D1B02B0A4A2D000D5C89;
					};
				};
			};
			buildConfigurationList = 4619D1AC2B0A4A2D000D5C89 /* Build configuration list for PBXProject "CarouselSample" */;
			compatibilityVersion = "Xcode 14.0";
			developmentRegion = en;
			hasScannedForEncodings = 0;
			knownRegions = (
				en,
				Base,
			);
			mainGroup = 4619D1A82B0A4A2D000D5C89;
			productRefGroup = 4619D1B22B0A4A2D000D5C89 /* Products */;
			projectDirPath = "";
			projectRoot = "";
			targets = (
				4619D1B02B0A4A2D000D5C89 /* CarouselSample */,
				4619D1C02B0A4A2F000D5C89 /* CarouselSampleTests */,
				4619D1CA2B0A4A2F000D5C89 /* CarouselSampleUITests */,
			);
		};
/* End PBXProject section */

/* Begin PBXResourcesBuildPhase section */
		4619D1AF2B0A4A2D000D5C89 /* Resources */ = {
			isa = PBXResourcesBuildPhase;
			buildActionMask = 2147483647;
			files = (
				4619D1BC2B0A4A2F000D5C89 /* Preview Assets.xcassets in Resources */,
				4619D1B92B0A4A2F000D5C89 /* Assets.xcassets in Resources */,
			);
			runOnlyForDeploymentPostprocessing = 0;
		};
		4619D1BF2B0A4A2F000D5C89 /* Resources */ = {
			isa = PBXResourcesBuildPhase;
			buildActionMask = 2147483647;
			files = (
			);
			runOnlyForDeploymentPostprocessing = 0;
		};
		4619D1C92B0A4A2F000D5C89 /* Resources */ = {
			isa = PBXResourcesBuildPhase;
			buildActionMask = 2147483647;
			files = (
			);
			runOnlyForDeploymentPostprocessing = 0;
		};
/* End PBXResourcesBuildPhase section */

/* Begin PBXSourcesBuildPhase section */
		4619D1AD2B0A4A2D000D5C89 /* Sources */ = {
			isa = PBXSourcesBuildPhase;
			buildActionMask = 2147483647;
			files = (
				4619D1B72B0A4A2D000D5C89 /* ContentView.swift in Sources */,
				4619D1E32B0A96E6000D5C89 /* MultiRowsCarousel.swift in Sources */,
				4619D1B52B0A4A2D000D5C89 /* CarouselSampleApp.swift in Sources */,
				4619D1E12B0A4BBF000D5C89 /* SingleRowCarousel.swift in Sources */,
			);
			runOnlyForDeploymentPostprocessing = 0;
		};
		4619D1BD2B0A4A2F000D5C89 /* Sources */ = {
			isa = PBXSourcesBuildPhase;
			buildActionMask = 2147483647;
			files = (
				4619D1C62B0A4A2F000D5C89 /* CarouselSampleTests.swift in Sources */,
			);
			runOnlyForDeploymentPostprocessing = 0;
		};
		4619D1C72B0A4A2F000D5C89 /* Sources */ = {
			isa = PBXSourcesBuildPhase;
			buildActionMask = 2147483647;
			files = (
				4619D1D22B0A4A2F000D5C89 /* CarouselSampleUITestsLaunchTests.swift in Sources */,
				4619D1D02B0A4A2F000D5C89 /* CarouselSampleUITests.swift in Sources */,
			);
			runOnlyForDeploymentPostprocessing = 0;
		};
/* End PBXSourcesBuildPhase section */

/* Begin PBXTargetDependency section */
		4619D1C32B0A4A2F000D5C89 /* PBXTargetDependency */ = {
			isa = PBXTargetDependency;
			target = 4619D1B02B0A4A2D000D5C89 /* CarouselSample */;
			targetProxy = 4619D1C22B0A4A2F000D5C89 /* PBXContainerItemProxy */;
		};
		4619D1CD2B0A4A2F000D5C89 /* PBXTargetDependency */ = {
			isa = PBXTargetDependency;
			target = 4619D1B02B0A4A2D000D5C89 /* CarouselSample */;
			targetProxy = 4619D1CC2B0A4A2F000D5C89 /* PBXContainerItemProxy */;
		};
/* End PBXTargetDependency section */

/* Begin XCBuildConfiguration section */
		4619D1D32B0A4A2F000D5C89 /* Debug */ = {
			isa = XCBuildConfiguration;
			buildSettings = {
				ALWAYS_SEARCH_USER_PATHS = NO;
				ASSETCATALOG_COMPILER_GENERATE_SWIFT_ASSET_SYMBOL_EXTENSIONS = YES;
				CLANG_ANALYZER_NONNULL = YES;
				CLANG_ANALYZER_NUMBER_OBJECT_CONVERSION = YES_AGGRESSIVE;
				CLANG_CXX_LANGUAGE_STANDARD = "gnu++20";
				CLANG_ENABLE_MODULES = YES;
				CLANG_ENABLE_OBJC_ARC = YES;
				CLANG_ENABLE_OBJC_WEAK = YES;
				CLANG_WARN_BLOCK_CAPTURE_AUTORELEASING = YES;
				CLANG_WARN_BOOL_CONVERSION = YES;
				CLANG_WARN_COMMA = YES;
				CLANG_WARN_CONSTANT_CONVERSION = YES;
				CLANG_WARN_DEPRECATED_OBJC_IMPLEMENTATIONS = YES;
				CLANG_WARN_DIRECT_OBJC_ISA_USAGE = YES_ERROR;
				CLANG_WARN_DOCUMENTATION_COMMENTS = YES;
				CLANG_WARN_EMPTY_BODY = YES;
				CLANG_WARN_ENUM_CONVERSION = YES;
				CLANG_WARN_INFINITE_RECURSION = YES;
				CLANG_WARN_INT_CONVERSION = YES;
				CLANG_WARN_NON_LITERAL_NULL_CONVERSION = YES;
				CLANG_WARN_OBJC_IMPLICIT_RETAIN_SELF = YES;
				CLANG_WARN_OBJC_LITERAL_CONVERSION = YES;
				CLANG_WARN_OBJC_ROOT_CLASS = YES_ERROR;
				CLANG_WARN_QUOTED_INCLUDE_IN_FRAMEWORK_HEADER = YES;
				CLANG_WARN_RANGE_LOOP_ANALYSIS = YES;
				CLANG_WARN_STRICT_PROTOTYPES = YES;
				CLANG_WARN_SUSPICIOUS_MOVE = YES;
				CLANG_WARN_UNGUARDED_AVAILABILITY = YES_AGGRESSIVE;
				CLANG_WARN_UNREACHABLE_CODE = YES;
				CLANG_WARN__DUPLICATE_METHOD_MATCH = YES;
				COPY_PHASE_STRIP = NO;
				DEBUG_INFORMATION_FORMAT = dwarf;
				ENABLE_STRICT_OBJC_MSGSEND = YES;
				ENABLE_TESTABILITY = YES;
				ENABLE_USER_SCRIPT_SANDBOXING = YES;
				GCC_C_LANGUAGE_STANDARD = gnu17;
				GCC_DYNAMIC_NO_PIC = NO;
				GCC_NO_COMMON_BLOCKS = YES;
				GCC_OPTIMIZATION_LEVEL = 0;
				GCC_PREPROCESSOR_DEFINITIONS = (
					"DEBUG=1",
					"$(inherited)",
				);
				GCC_WARN_64_TO_32_BIT_CONVERSION = YES;
				GCC_WARN_ABOUT_RETURN_TYPE = YES_ERROR;
				GCC_WARN_UNDECLARED_SELECTOR = YES;
				GCC_WARN_UNINITIALIZED_AUTOS = YES_AGGRESSIVE;
				GCC_WARN_UNUSED_FUNCTION = YES;
				GCC_WARN_UNUSED_VARIABLE = YES;
				IPHONEOS_DEPLOYMENT_TARGET = 17.0;
				LOCALIZATION_PREFERS_STRING_CATALOGS = YES;
				MTL_ENABLE_DEBUG_INFO = INCLUDE_SOURCE;
				MTL_FAST_MATH = YES;
				ONLY_ACTIVE_ARCH = YES;
				SDKROOT = iphoneos;
				SWIFT_ACTIVE_COMPILATION_CONDITIONS = "DEBUG $(inherited)";
				SWIFT_OPTIMIZATION_LEVEL = "-Onone";
			};
			name = Debug;
		};
		4619D1D42B0A4A2F000D5C89 /* Release */ = {
			isa = XCBuildConfiguration;
			buildSettings = {
				ALWAYS_SEARCH_USER_PATHS = NO;
				ASSETCATALOG_COMPILER_GENERATE_SWIFT_ASSET_SYMBOL_EXTENSIONS = YES;
				CLANG_ANALYZER_NONNULL = YES;
				CLANG_ANALYZER_NUMBER_OBJECT_CONVERSION = YES_AGGRESSIVE;
				CLANG_CXX_LANGUAGE_STANDARD = "gnu++20";
				CLANG_ENABLE_MODULES = YES;
				CLANG_ENABLE_OBJC_ARC = YES;
				CLANG_ENABLE_OBJC_WEAK = YES;
				CLANG_WARN_BLOCK_CAPTURE_AUTORELEASING = YES;
				CLANG_WARN_BOOL_CONVERSION = YES;
				CLANG_WARN_COMMA = YES;
				CLANG_WARN_CONSTANT_CONVERSION = YES;
				CLANG_WARN_DEPRECATED_OBJC_IMPLEMENTATIONS = YES;
				CLANG_WARN_DIRECT_OBJC_ISA_USAGE = YES_ERROR;
				CLANG_WARN_DOCUMENTATION_COMMENTS = YES;
				CLANG_WARN_EMPTY_BODY = YES;
				CLANG_WARN_ENUM_CONVERSION = YES;
				CLANG_WARN_INFINITE_RECURSION = YES;
				CLANG_WARN_INT_CONVERSION = YES;
				CLANG_WARN_NON_LITERAL_NULL_CONVERSION = YES;
				CLANG_WARN_OBJC_IMPLICIT_RETAIN_SELF = YES;
				CLANG_WARN_OBJC_LITERAL_CONVERSION = YES;
				CLANG_WARN_OBJC_ROOT_CLASS = YES_ERROR;
				CLANG_WARN_QUOTED_INCLUDE_IN_FRAMEWORK_HEADER = YES;
				CLANG_WARN_RANGE_LOOP_ANALYSIS = YES;
				CLANG_WARN_STRICT_PROTOTYPES = YES;
				CLANG_WARN_SUSPICIOUS_MOVE = YES;
				CLANG_WARN_UNGUARDED_AVAILABILITY = YES_AGGRESSIVE;
				CLANG_WARN_UNREACHABLE_CODE = YES;
				CLANG_WARN__DUPLICATE_METHOD_MATCH = YES;
				COPY_PHASE_STRIP = NO;
				DEBUG_INFORMATION_FORMAT = "dwarf-with-dsym";
				ENABLE_NS_ASSERTIONS = NO;
				ENABLE_STRICT_OBJC_MSGSEND = YES;
				ENABLE_USER_SCRIPT_SANDBOXING = YES;
				GCC_C_LANGUAGE_STANDARD = gnu17;
				GCC_NO_COMMON_BLOCKS = YES;
				GCC_WARN_64_TO_32_BIT_CONVERSION = YES;
				GCC_WARN_ABOUT_RETURN_TYPE = YES_ERROR;
				GCC_WARN_UNDECLARED_SELECTOR = YES;
				GCC_WARN_UNINITIALIZED_AUTOS = YES_AGGRESSIVE;
				GCC_WARN_UNUSED_FUNCTION = YES;
				GCC_WARN_UNUSED_VARIABLE = YES;
				IPHONEOS_DEPLOYMENT_TARGET = 17.0;
				LOCALIZATION_PREFERS_STRING_CATALOGS = YES;
				MTL_ENABLE_DEBUG_INFO = NO;
				MTL_FAST_MATH = YES;
				SDKROOT = iphoneos;
				SWIFT_COMPILATION_MODE = wholemodule;
				VALIDATE_PRODUCT = YES;
			};
			name = Release;
		};
		4619D1D62B0A4A2F000D5C89 /* Debug */ = {
			isa = XCBuildConfiguration;
			buildSettings = {
				ASSETCATALOG_COMPILER_APPICON_NAME = AppIcon;
				ASSETCATALOG_COMPILER_GLOBAL_ACCENT_COLOR_NAME = AccentColor;
				CODE_SIGN_STYLE = Automatic;
				CURRENT_PROJECT_VERSION = 1;
				DEVELOPMENT_ASSET_PATHS = "\"CarouselSample/Preview Content\"";
				DEVELOPMENT_TEAM = SY6HRKUSSY;
				ENABLE_PREVIEWS = YES;
				GENERATE_INFOPLIST_FILE = YES;
				INFOPLIST_KEY_UIApplicationSceneManifest_Generation = YES;
				INFOPLIST_KEY_UIApplicationSupportsIndirectInputEvents = YES;
				INFOPLIST_KEY_UILaunchScreen_Generation = YES;
				INFOPLIST_KEY_UISupportedInterfaceOrientations_iPad = "UIInterfaceOrientationPortrait UIInterfaceOrientationPortraitUpsideDown UIInterfaceOrientationLandscapeLeft UIInterfaceOrientationLandscapeRight";
				INFOPLIST_KEY_UISupportedInterfaceOrientations_iPhone = "UIInterfaceOrientationPortrait UIInterfaceOrientationLandscapeLeft UIInterfaceOrientationLandscapeRight";
				LD_RUNPATH_SEARCH_PATHS = (
					"$(inherited)",
					"@executable_path/Frameworks",
				);
				MARKETING_VERSION = 1.0;
				PRODUCT_BUNDLE_IDENTIFIER = toshiyana.CarouselSample;
				PRODUCT_NAME = "$(TARGET_NAME)";
				SWIFT_EMIT_LOC_STRINGS = YES;
				SWIFT_VERSION = 5.0;
				TARGETED_DEVICE_FAMILY = "1,2";
			};
			name = Debug;
		};
		4619D1D72B0A4A2F000D5C89 /* Release */ = {
			isa = XCBuildConfiguration;
			buildSettings = {
				ASSETCATALOG_COMPILER_APPICON_NAME = AppIcon;
				ASSETCATALOG_COMPILER_GLOBAL_ACCENT_COLOR_NAME = AccentColor;
				CODE_SIGN_STYLE = Automatic;
				CURRENT_PROJECT_VERSION = 1;
				DEVELOPMENT_ASSET_PATHS = "\"CarouselSample/Preview Content\"";
				DEVELOPMENT_TEAM = SY6HRKUSSY;
				ENABLE_PREVIEWS = YES;
				GENERATE_INFOPLIST_FILE = YES;
				INFOPLIST_KEY_UIApplicationSceneManifest_Generation = YES;
				INFOPLIST_KEY_UIApplicationSupportsIndirectInputEvents = YES;
				INFOPLIST_KEY_UILaunchScreen_Generation = YES;
				INFOPLIST_KEY_UISupportedInterfaceOrientations_iPad = "UIInterfaceOrientationPortrait UIInterfaceOrientationPortraitUpsideDown UIInterfaceOrientationLandscapeLeft UIInterfaceOrientationLandscapeRight";
				INFOPLIST_KEY_UISupportedInterfaceOrientations_iPhone = "UIInterfaceOrientationPortrait UIInterfaceOrientationLandscapeLeft UIInterfaceOrientationLandscapeRight";
				LD_RUNPATH_SEARCH_PATHS = (
					"$(inherited)",
					"@executable_path/Frameworks",
				);
				MARKETING_VERSION = 1.0;
				PRODUCT_BUNDLE_IDENTIFIER = toshiyana.CarouselSample;
				PRODUCT_NAME = "$(TARGET_NAME)";
				SWIFT_EMIT_LOC_STRINGS = YES;
				SWIFT_VERSION = 5.0;
				TARGETED_DEVICE_FAMILY = "1,2";
			};
			name = Release;
		};
		4619D1D92B0A4A2F000D5C89 /* Debug */ = {
			isa = XCBuildConfiguration;
			buildSettings = {
				ALWAYS_EMBED_SWIFT_STANDARD_LIBRARIES = YES;
				BUNDLE_LOADER = "$(TEST_HOST)";
				CODE_SIGN_STYLE = Automatic;
				CURRENT_PROJECT_VERSION = 1;
				DEVELOPMENT_TEAM = SY6HRKUSSY;
				GENERATE_INFOPLIST_FILE = YES;
				IPHONEOS_DEPLOYMENT_TARGET = 17.0;
				MARKETING_VERSION = 1.0;
				PRODUCT_BUNDLE_IDENTIFIER = toshiyana.CarouselSampleTests;
				PRODUCT_NAME = "$(TARGET_NAME)";
				SWIFT_EMIT_LOC_STRINGS = NO;
				SWIFT_VERSION = 5.0;
				TARGETED_DEVICE_FAMILY = "1,2";
				TEST_HOST = "$(BUILT_PRODUCTS_DIR)/CarouselSample.app/$(BUNDLE_EXECUTABLE_FOLDER_PATH)/CarouselSample";
			};
			name = Debug;
		};
		4619D1DA2B0A4A2F000D5C89 /* Release */ = {
			isa = XCBuildConfiguration;
			buildSettings = {
				ALWAYS_EMBED_SWIFT_STANDARD_LIBRARIES = YES;
				BUNDLE_LOADER = "$(TEST_HOST)";
				CODE_SIGN_STYLE = Automatic;
				CURRENT_PROJECT_VERSION = 1;
				DEVELOPMENT_TEAM = SY6HRKUSSY;
				GENERATE_INFOPLIST_FILE = YES;
				IPHONEOS_DEPLOYMENT_TARGET = 17.0;
				MARKETING_VERSION = 1.0;
				PRODUCT_BUNDLE_IDENTIFIER = toshiyana.CarouselSampleTests;
				PRODUCT_NAME = "$(TARGET_NAME)";
				SWIFT_EMIT_LOC_STRINGS = NO;
				SWIFT_VERSION = 5.0;
				TARGETED_DEVICE_FAMILY = "1,2";
				TEST_HOST = "$(BUILT_PRODUCTS_DIR)/CarouselSample.app/$(BUNDLE_EXECUTABLE_FOLDER_PATH)/CarouselSample";
			};
			name = Release;
		};
		4619D1DC2B0A4A2F000D5C89 /* Debug */ = {
			isa = XCBuildConfiguration;
			buildSettings = {
				ALWAYS_EMBED_SWIFT_STANDARD_LIBRARIES = YES;
				CODE_SIGN_STYLE = Automatic;
				CURRENT_PROJECT_VERSION = 1;
				DEVELOPMENT_TEAM = SY6HRKUSSY;
				GENERATE_INFOPLIST_FILE = YES;
				MARKETING_VERSION = 1.0;
				PRODUCT_BUNDLE_IDENTIFIER = toshiyana.CarouselSampleUITests;
				PRODUCT_NAME = "$(TARGET_NAME)";
				SWIFT_EMIT_LOC_STRINGS = NO;
				SWIFT_VERSION = 5.0;
				TARGETED_DEVICE_FAMILY = "1,2";
				TEST_TARGET_NAME = CarouselSample;
			};
			name = Debug;
		};
		4619D1DD2B0A4A2F000D5C89 /* Release */ = {
			isa = XCBuildConfiguration;
			buildSettings = {
				ALWAYS_EMBED_SWIFT_STANDARD_LIBRARIES = YES;
				CODE_SIGN_STYLE = Automatic;
				CURRENT_PROJECT_VERSION = 1;
				DEVELOPMENT_TEAM = SY6HRKUSSY;
				GENERATE_INFOPLIST_FILE = YES;
				MARKETING_VERSION = 1.0;
				PRODUCT_BUNDLE_IDENTIFIER = toshiyana.CarouselSampleUITests;
				PRODUCT_NAME = "$(TARGET_NAME)";
				SWIFT_EMIT_LOC_STRINGS = NO;
				SWIFT_VERSION = 5.0;
				TARGETED_DEVICE_FAMILY = "1,2";
				TEST_TARGET_NAME = CarouselSample;
			};
			name = Release;
		};
/* End XCBuildConfiguration section */

/* Begin XCConfigurationList section */
		4619D1AC2B0A4A2D000D5C89 /* Build configuration list for PBXProject "CarouselSample" */ = {
			isa = XCConfigurationList;
			buildConfigurations = (
				4619D1D32B0A4A2F000D5C89 /* Debug */,
				4619D1D42B0A4A2F000D5C89 /* Release */,
			);
			defaultConfigurationIsVisible = 0;
			defaultConfigurationName = Release;
		};
		4619D1D52B0A4A2F000D5C89 /* Build configuration list for PBXNativeTarget "CarouselSample" */ = {
			isa = XCConfigurationList;
			buildConfigurations = (
				4619D1D62B0A4A2F000D5C89 /* Debug */,
				4619D1D72B0A4A2F000D5C89 /* Release */,
			);
			defaultConfigurationIsVisible = 0;
			defaultConfigurationName = Release;
		};
		4619D1D82B0A4A2F000D5C89 /* Build configuration list for PBXNativeTarget "CarouselSampleTests" */ = {
			isa = XCConfigurationList;
			buildConfigurations = (
				4619D1D92B0A4A2F000D5C89 /* Debug */,
				4619D1DA2B0A4A2F000D5C89 /* Release */,
			);
			defaultConfigurationIsVisible = 0;
			defaultConfigurationName = Release;
		};
		4619D1DB2B0A4A2F000D5C89 /* Build configuration list for PBXNativeTarget "CarouselSampleUITests" */ = {
			isa = XCConfigurationList;
			buildConfigurations = (
				4619D1DC2B0A4A2F000D5C89 /* Debug */,
				4619D1DD2B0A4A2F000D5C89 /* Release */,
			);
			defaultConfigurationIsVisible = 0;
			defaultConfigurationName = Release;
		};
/* End XCConfigurationList section */
	};
	rootObject = 4619D1A92B0A4A2D000D5C89 /* Project object */;
}
